
Microsoft Visual Studio Solution File, Format Version 12.00
# Visual Studio Version 16
VisualStudioVersion = 16.0.31613.86
MinimumVisualStudioVersion = 10.0.40219.1
Project("{FAE04EC0-301F-11D3-BF4B-00C04F79EFBC}") = "CatenaX.NetworkServices.MembershipCompany.Service", "CatenaX.NetworkServices.MembershipCompany.Service\CatenaX.NetworkServices.MembershipCompany.Service.csproj", "{27E7BDAF-8C90-4913-AC94-18E39A16528B}"
EndProject
Project("{FAE04EC0-301F-11D3-BF4B-00C04F79EFBC}") = "CatenaX.NetworkServices.Onboarding.Service", "CatenaX.NetworkServices.Onboarding.Service\CatenaX.NetworkServices.Onboarding.Service.csproj", "{643AC760-AD52-4BF4-8F24-39879AB9EB41}"
EndProject
Project("{FAE04EC0-301F-11D3-BF4B-00C04F79EFBC}") = "CatenaX.NetworkServices.Consent.Service", "CatenaX.NetworkServices.Consent.Service\CatenaX.NetworkServices.Consent.Service.csproj", "{F25A216D-3E66-40A7-9EC2-F4A26D51773F}"
EndProject
Global
	GlobalSection(SolutionConfigurationPlatforms) = preSolution
		Debug|Any CPU = Debug|Any CPU
		Release|Any CPU = Release|Any CPU
	EndGlobalSection
	GlobalSection(ProjectConfigurationPlatforms) = postSolution
		{27E7BDAF-8C90-4913-AC94-18E39A16528B}.Debug|Any CPU.ActiveCfg = Debug|Any CPU
		{27E7BDAF-8C90-4913-AC94-18E39A16528B}.Debug|Any CPU.Build.0 = Debug|Any CPU
		{27E7BDAF-8C90-4913-AC94-18E39A16528B}.Release|Any CPU.ActiveCfg = Release|Any CPU
		{27E7BDAF-8C90-4913-AC94-18E39A16528B}.Release|Any CPU.Build.0 = Release|Any CPU
		{643AC760-AD52-4BF4-8F24-39879AB9EB41}.Debug|Any CPU.ActiveCfg = Debug|Any CPU
		{643AC760-AD52-4BF4-8F24-39879AB9EB41}.Debug|Any CPU.Build.0 = Debug|Any CPU
		{643AC760-AD52-4BF4-8F24-39879AB9EB41}.Release|Any CPU.ActiveCfg = Release|Any CPU
		{643AC760-AD52-4BF4-8F24-39879AB9EB41}.Release|Any CPU.Build.0 = Release|Any CPU
		{F25A216D-3E66-40A7-9EC2-F4A26D51773F}.Debug|Any CPU.ActiveCfg = Debug|Any CPU
		{F25A216D-3E66-40A7-9EC2-F4A26D51773F}.Debug|Any CPU.Build.0 = Debug|Any CPU
		{F25A216D-3E66-40A7-9EC2-F4A26D51773F}.Release|Any CPU.ActiveCfg = Release|Any CPU
		{F25A216D-3E66-40A7-9EC2-F4A26D51773F}.Release|Any CPU.Build.0 = Release|Any CPU
	EndGlobalSection
	GlobalSection(SolutionProperties) = preSolution
		HideSolutionNode = FALSE
	EndGlobalSection
	GlobalSection(ExtensibilityGlobals) = postSolution
		SolutionGuid = {23E9EF5A-FB26-4AAC-952E-0695A1245B8E}
	EndGlobalSection
EndGlobal
