
Microsoft Visual Studio Solution File, Format Version 12.00
# Visual Studio Version 17
VisualStudioVersion = 17.0.31717.71
MinimumVisualStudioVersion = 10.0.40219.1
Project("{2150E333-8FDC-42A3-9474-1A3956D46DE8}") = "consent", "consent", "{5BA50973-B032-4C3B-B82F-4136AC6B7DEC}"
EndProject
Project("{2150E333-8FDC-42A3-9474-1A3956D46DE8}") = "membershipcompany", "membershipcompany", "{06B37DE0-6F10-4D40-97E8-184BA9F6AEA9}"
EndProject
Project("{2150E333-8FDC-42A3-9474-1A3956D46DE8}") = "invitation", "invitation", "{7A5F84BE-3B45-483A-8EF1-4E1E94F144DC}"
EndProject
Project("{9A19103F-16F7-4668-BE54-9A1E7A4F7556}") = "CatenaX.NetworkServices.Consent.Service", "consent\src\CatenaX.NetworkServices.Consent.Service\CatenaX.NetworkServices.Consent.Service.csproj", "{6FBD2024-20C5-41EA-87A8-58F69FEFF8CB}"
EndProject
Project("{9A19103F-16F7-4668-BE54-9A1E7A4F7556}") = "CatenaX.NetworkServices.MembershipCompany.Service", "membershipcompany\src\CatenaX.NetworkServices.MembershipCompany.Service\CatenaX.NetworkServices.MembershipCompany.Service.csproj", "{14346800-3A31-4463-91A2-42DCA1E4BFC4}"
EndProject
Project("{2150E333-8FDC-42A3-9474-1A3956D46DE8}") = "src", "src", "{C34FEF41-7935-481B-BD92-BB2A99199BE3}"
EndProject
Project("{2150E333-8FDC-42A3-9474-1A3956D46DE8}") = "test", "test", "{39439739-E456-45CC-B18C-439276232B20}"
EndProject
Project("{2150E333-8FDC-42A3-9474-1A3956D46DE8}") = "onboarding", "onboarding", "{D87E8526-3926-4762-9987-AE7F44EB4906}"
EndProject
Project("{9A19103F-16F7-4668-BE54-9A1E7A4F7556}") = "CatenaX.NetworkServices.Onboarding.Service.Tests", "onboarding\test\CatenaX.NetworkServices.Onboarding.Service.Tests\CatenaX.NetworkServices.Onboarding.Service.Tests.csproj", "{60076833-F183-4436-A506-82FC601465AA}"
EndProject
Project("{2150E333-8FDC-42A3-9474-1A3956D46DE8}") = "keycloakBranch", "keycloakBranch", "{0B7D767F-262E-4D77-8195-99B655F509C6}"
EndProject
Project("{9A19103F-16F7-4668-BE54-9A1E7A4F7556}") = "Keycloak.Net", "onboarding\src\keycloak.net-branch\src\Keycloak.Net\Keycloak.Net.csproj", "{D48D15D5-675E-4AC1-8D2D-6B5FF600370E}"
EndProject
Project("{9A19103F-16F7-4668-BE54-9A1E7A4F7556}") = "CatenaX.NetworkServices.Mailing.Template", "mailing\src\CatenaX.NetworkServices.Mailing.Template\CatenaX.NetworkServices.Mailing.Template.csproj", "{97FE948B-D083-4BE2-9E5A-2AA0A0D7B44D}"
EndProject
Project("{2150E333-8FDC-42A3-9474-1A3956D46DE8}") = "mailing", "mailing", "{F5E59460-211B-11EC-B6E9-75CD881C6D34}"
EndProject
Project("{9A19103F-16F7-4668-BE54-9A1E7A4F7556}") = "CatenaX.NetworkServices.Mailing.SendMail", "mailing\src\CatenaX.NetworkServices.Mailing.SendMail\CatenaX.NetworkServices.Mailing.SendMail.csproj", "{59FC0798-2A3B-4EAA-B4F2-43B1DAB259DB}"
EndProject
Global
	GlobalSection(SolutionConfigurationPlatforms) = preSolution
		Debug|Any CPU = Debug|Any CPU
		Release|Any CPU = Release|Any CPU
	EndGlobalSection
	GlobalSection(ProjectConfigurationPlatforms) = postSolution
		{6FBD2024-20C5-41EA-87A8-58F69FEFF8CB}.Debug|Any CPU.ActiveCfg = Debug|Any CPU
		{6FBD2024-20C5-41EA-87A8-58F69FEFF8CB}.Debug|Any CPU.Build.0 = Debug|Any CPU
		{6FBD2024-20C5-41EA-87A8-58F69FEFF8CB}.Release|Any CPU.ActiveCfg = Release|Any CPU
		{6FBD2024-20C5-41EA-87A8-58F69FEFF8CB}.Release|Any CPU.Build.0 = Release|Any CPU
		{14346800-3A31-4463-91A2-42DCA1E4BFC4}.Debug|Any CPU.ActiveCfg = Debug|Any CPU
		{14346800-3A31-4463-91A2-42DCA1E4BFC4}.Debug|Any CPU.Build.0 = Debug|Any CPU
		{14346800-3A31-4463-91A2-42DCA1E4BFC4}.Release|Any CPU.ActiveCfg = Release|Any CPU
		{14346800-3A31-4463-91A2-42DCA1E4BFC4}.Release|Any CPU.Build.0 = Release|Any CPU
		{60076833-F183-4436-A506-82FC601465AA}.Debug|Any CPU.ActiveCfg = Debug|Any CPU
		{60076833-F183-4436-A506-82FC601465AA}.Debug|Any CPU.Build.0 = Debug|Any CPU
		{60076833-F183-4436-A506-82FC601465AA}.Release|Any CPU.ActiveCfg = Release|Any CPU
		{60076833-F183-4436-A506-82FC601465AA}.Release|Any CPU.Build.0 = Release|Any CPU
		{D48D15D5-675E-4AC1-8D2D-6B5FF600370E}.Debug|Any CPU.ActiveCfg = Debug|Any CPU
		{D48D15D5-675E-4AC1-8D2D-6B5FF600370E}.Debug|Any CPU.Build.0 = Debug|Any CPU
		{D48D15D5-675E-4AC1-8D2D-6B5FF600370E}.Release|Any CPU.ActiveCfg = Release|Any CPU
		{D48D15D5-675E-4AC1-8D2D-6B5FF600370E}.Release|Any CPU.Build.0 = Release|Any CPU
		{97FE948B-D083-4BE2-9E5A-2AA0A0D7B44D}.Debug|Any CPU.ActiveCfg = Debug|Any CPU
		{97FE948B-D083-4BE2-9E5A-2AA0A0D7B44D}.Debug|Any CPU.Build.0 = Debug|Any CPU
		{97FE948B-D083-4BE2-9E5A-2AA0A0D7B44D}.Release|Any CPU.ActiveCfg = Release|Any CPU
		{97FE948B-D083-4BE2-9E5A-2AA0A0D7B44D}.Release|Any CPU.Build.0 = Release|Any CPU
		{59FC0798-2A3B-4EAA-B4F2-43B1DAB259DB}.Debug|Any CPU.ActiveCfg = Debug|Any CPU
		{59FC0798-2A3B-4EAA-B4F2-43B1DAB259DB}.Debug|Any CPU.Build.0 = Debug|Any CPU
		{59FC0798-2A3B-4EAA-B4F2-43B1DAB259DB}.Release|Any CPU.ActiveCfg = Release|Any CPU
		{59FC0798-2A3B-4EAA-B4F2-43B1DAB259DB}.Release|Any CPU.Build.0 = Release|Any CPU
	EndGlobalSection
	GlobalSection(SolutionProperties) = preSolution
		HideSolutionNode = FALSE
	EndGlobalSection
	GlobalSection(NestedProjects) = preSolution
		{5BA50973-B032-4C3B-B82F-4136AC6B7DEC} = {C34FEF41-7935-481B-BD92-BB2A99199BE3}
		{06B37DE0-6F10-4D40-97E8-184BA9F6AEA9} = {C34FEF41-7935-481B-BD92-BB2A99199BE3}
		{7A5F84BE-3B45-483A-8EF1-4E1E94F144DC} = {C34FEF41-7935-481B-BD92-BB2A99199BE3}
		{6FBD2024-20C5-41EA-87A8-58F69FEFF8CB} = {5BA50973-B032-4C3B-B82F-4136AC6B7DEC}
		{14346800-3A31-4463-91A2-42DCA1E4BFC4} = {06B37DE0-6F10-4D40-97E8-184BA9F6AEA9}
		{D87E8526-3926-4762-9987-AE7F44EB4906} = {39439739-E456-45CC-B18C-439276232B20}
		{60076833-F183-4436-A506-82FC601465AA} = {D87E8526-3926-4762-9987-AE7F44EB4906}
		{0B7D767F-262E-4D77-8195-99B655F509C6} = {7A5F84BE-3B45-483A-8EF1-4E1E94F144DC}
		{D48D15D5-675E-4AC1-8D2D-6B5FF600370E} = {0B7D767F-262E-4D77-8195-99B655F509C6}
		{97FE948B-D083-4BE2-9E5A-2AA0A0D7B44D} = {F5E59460-211B-11EC-B6E9-75CD881C6D34}
		{F5E59460-211B-11EC-B6E9-75CD881C6D34} = {C34FEF41-7935-481B-BD92-BB2A99199BE3}
		{59FC0798-2A3B-4EAA-B4F2-43B1DAB259DB} = {F5E59460-211B-11EC-B6E9-75CD881C6D34}
	EndGlobalSection
	GlobalSection(ExtensibilityGlobals) = postSolution
		SolutionGuid = {23E9EF5A-FB26-4AAC-952E-0695A1245B8E}
	EndGlobalSection
EndGlobal
